
Microsoft Visual Studio Solution File, Format Version 12.00
# Visual Studio Version 17
VisualStudioVersion = 17.8.34330.188
MinimumVisualStudioVersion = 10.0.40219.1
Project("{9A19103F-16F7-4668-BE54-9A1E7A4F7556}") = "Business Layer", "Business Layer\Business Layer.csproj", "{31A5D4E9-C7EF-4538-8F81-96066A5DC213}"
EndProject
Project("{9A19103F-16F7-4668-BE54-9A1E7A4F7556}") = "Data Access Layer", "Data Access Layer\Data Access Layer.csproj", "{A73E76C8-B6BB-47A9-8259-456F93DFE180}"
EndProject
Project("{FAE04EC0-301F-11D3-BF4B-00C04F79EFBC}") = "PresentationLayer", "PresentationLayer\PresentationLayer.csproj", "{3B6D2BF8-D989-40EA-9F5A-4CFAEB0046E8}"
EndProject
Global
	GlobalSection(SolutionConfigurationPlatforms) = preSolution
		Debug|Any CPU = Debug|Any CPU
		Release|Any CPU = Release|Any CPU
	EndGlobalSection
	GlobalSection(ProjectConfigurationPlatforms) = postSolution
		{31A5D4E9-C7EF-4538-8F81-96066A5DC213}.Debug|Any CPU.ActiveCfg = Debug|Any CPU
		{31A5D4E9-C7EF-4538-8F81-96066A5DC213}.Debug|Any CPU.Build.0 = Debug|Any CPU
		{31A5D4E9-C7EF-4538-8F81-96066A5DC213}.Release|Any CPU.ActiveCfg = Release|Any CPU
		{31A5D4E9-C7EF-4538-8F81-96066A5DC213}.Release|Any CPU.Build.0 = Release|Any CPU
		{A73E76C8-B6BB-47A9-8259-456F93DFE180}.Debug|Any CPU.ActiveCfg = Debug|Any CPU
		{A73E76C8-B6BB-47A9-8259-456F93DFE180}.Debug|Any CPU.Build.0 = Debug|Any CPU
		{A73E76C8-B6BB-47A9-8259-456F93DFE180}.Release|Any CPU.ActiveCfg = Release|Any CPU
		{A73E76C8-B6BB-47A9-8259-456F93DFE180}.Release|Any CPU.Build.0 = Release|Any CPU
		{3B6D2BF8-D989-40EA-9F5A-4CFAEB0046E8}.Debug|Any CPU.ActiveCfg = Debug|Any CPU
		{3B6D2BF8-D989-40EA-9F5A-4CFAEB0046E8}.Debug|Any CPU.Build.0 = Debug|Any CPU
		{3B6D2BF8-D989-40EA-9F5A-4CFAEB0046E8}.Release|Any CPU.ActiveCfg = Release|Any CPU
		{3B6D2BF8-D989-40EA-9F5A-4CFAEB0046E8}.Release|Any CPU.Build.0 = Release|Any CPU
	EndGlobalSection
	GlobalSection(SolutionProperties) = preSolution
		HideSolutionNode = FALSE
	EndGlobalSection
	GlobalSection(ExtensibilityGlobals) = postSolution
		SolutionGuid = {D6B2DB94-81F3-4385-9F5D-EAA305B651DB}
	EndGlobalSection
EndGlobal
